
Microsoft Visual Studio Solution File, Format Version 12.00
# Visual Studio Version 16
VisualStudioVersion = 16.0.31729.503
MinimumVisualStudioVersion = 10.0.40219.1
Project("{FAE04EC0-301F-11D3-BF4B-00C04F79EFBC}") = "TestingConsole", "TestingConsole.csproj", "{06D5913D-65ED-4278-8CD6-3E3ED864475F}"
EndProject
Global
	GlobalSection(SolutionConfigurationPlatforms) = preSolution
		Debug|Any CPU = Debug|Any CPU
		Release|Any CPU = Release|Any CPU
	EndGlobalSection
	GlobalSection(ProjectConfigurationPlatforms) = postSolution
		{06D5913D-65ED-4278-8CD6-3E3ED864475F}.Debug|Any CPU.ActiveCfg = Debug|Any CPU
		{06D5913D-65ED-4278-8CD6-3E3ED864475F}.Debug|Any CPU.Build.0 = Debug|Any CPU
		{06D5913D-65ED-4278-8CD6-3E3ED864475F}.Release|Any CPU.ActiveCfg = Release|Any CPU
		{06D5913D-65ED-4278-8CD6-3E3ED864475F}.Release|Any CPU.Build.0 = Release|Any CPU
	EndGlobalSection
	GlobalSection(SolutionProperties) = preSolution
		HideSolutionNode = FALSE
	EndGlobalSection
	GlobalSection(ExtensibilityGlobals) = postSolution
		SolutionGuid = {BE656007-D003-48DC-AC22-6795ACD7FDC7}
	EndGlobalSection
EndGlobal
