
Microsoft Visual Studio Solution File, Format Version 12.00
# Visual Studio 15
VisualStudioVersion = 15.0.28307.1401
MinimumVisualStudioVersion = 10.0.40219.1
Project("{FAE04EC0-301F-11D3-BF4B-00C04F79EFBC}") = "Number Guessing Game (GUI)", "Number Guessing Game (GUI)\Number Guessing Game (GUI).csproj", "{F9FD3AC3-D777-4CB9-863F-D83382040B5F}"
EndProject
Global
	GlobalSection(SolutionConfigurationPlatforms) = preSolution
		Debug|Any CPU = Debug|Any CPU
		Release|Any CPU = Release|Any CPU
	EndGlobalSection
	GlobalSection(ProjectConfigurationPlatforms) = postSolution
		{F9FD3AC3-D777-4CB9-863F-D83382040B5F}.Debug|Any CPU.ActiveCfg = Debug|Any CPU
		{F9FD3AC3-D777-4CB9-863F-D83382040B5F}.Debug|Any CPU.Build.0 = Debug|Any CPU
		{F9FD3AC3-D777-4CB9-863F-D83382040B5F}.Release|Any CPU.ActiveCfg = Release|Any CPU
		{F9FD3AC3-D777-4CB9-863F-D83382040B5F}.Release|Any CPU.Build.0 = Release|Any CPU
	EndGlobalSection
	GlobalSection(SolutionProperties) = preSolution
		HideSolutionNode = FALSE
	EndGlobalSection
	GlobalSection(ExtensibilityGlobals) = postSolution
		SolutionGuid = {EC7868E6-3D32-461B-95E3-C255F3336E85}
	EndGlobalSection
EndGlobal
